// !$*UTF8*$!
{
	archiveVersion = 1;
	classes = {
	};
	objectVersion = 46;
	objects = {

/* Begin PBXBuildFile section */
		CC2D33EE1919013D009E58DA /* Foundation.framework in Frameworks */ = {isa = PBXBuildFile; fileRef = CC2D33ED1919013D009E58DA /* Foundation.framework */; };
		CC2D33F01919013D009E58DA /* CoreGraphics.framework in Frameworks */ = {isa = PBXBuildFile; fileRef = CC2D33EF1919013D009E58DA /* CoreGraphics.framework */; };
		CC2D33F21919013D009E58DA /* UIKit.framework in Frameworks */ = {isa = PBXBuildFile; fileRef = CC2D33F11919013D009E58DA /* UIKit.framework */; };
		CC2D33F81919013D009E58DA /* InfoPlist.strings in Resources */ = {isa = PBXBuildFile; fileRef = CC2D33F61919013D009E58DA /* InfoPlist.strings */; };
		CC2D33FA1919013D009E58DA /* main.m in Sources */ = {isa = PBXBuildFile; fileRef = CC2D33F91919013D009E58DA /* main.m */; };
		CC2D33FE1919013D009E58DA /* CAppDelegate.m in Sources */ = {isa = PBXBuildFile; fileRef = CC2D33FD1919013D009E58DA /* CAppDelegate.m */; };
		CC2D34011919013D009E58DA /* Main.storyboard in Resources */ = {isa = PBXBuildFile; fileRef = CC2D33FF1919013D009E58DA /* Main.storyboard */; };
		CC2D34061919013D009E58DA /* Images.xcassets in Resources */ = {isa = PBXBuildFile; fileRef = CC2D34051919013D009E58DA /* Images.xcassets */; };
		CC2D340D1919013D009E58DA /* XCTest.framework in Frameworks */ = {isa = PBXBuildFile; fileRef = CC2D340C1919013D009E58DA /* XCTest.framework */; };
		CC2D340E1919013E009E58DA /* Foundation.framework in Frameworks */ = {isa = PBXBuildFile; fileRef = CC2D33ED1919013D009E58DA /* Foundation.framework */; };
		CC2D340F1919013E009E58DA /* UIKit.framework in Frameworks */ = {isa = PBXBuildFile; fileRef = CC2D33F11919013D009E58DA /* UIKit.framework */; };
		CC2D34171919013E009E58DA /* InfoPlist.strings in Resources */ = {isa = PBXBuildFile; fileRef = CC2D34151919013E009E58DA /* InfoPlist.strings */; };
		CC2D34191919013E009E58DA /* BonjourIOSTests.m in Sources */ = {isa = PBXBuildFile; fileRef = CC2D34181919013E009E58DA /* BonjourIOSTests.m */; };
		CC2D342819190198009E58DA /* GCDAsyncSocket.m in Sources */ = {isa = PBXBuildFile; fileRef = CC2D342619190198009E58DA /* GCDAsyncSocket.m */; };
		CC2D342B191901A6009E58DA /* CHostControllerViewController.m in Sources */ = {isa = PBXBuildFile; fileRef = CC2D342A191901A6009E58DA /* CHostControllerViewController.m */; };
		CC2D342D191901F1009E58DA /* Security.framework in Frameworks */ = {isa = PBXBuildFile; fileRef = CC2D342C191901F1009E58DA /* Security.framework */; };
		CC2D342F191901F8009E58DA /* CFNetwork.framework in Frameworks */ = {isa = PBXBuildFile; fileRef = CC2D342E191901F8009E58DA /* CFNetwork.framework */; };
/* End PBXBuildFile section */

/* Begin PBXContainerItemProxy section */
		CC2D34101919013E009E58DA /* PBXContainerItemProxy */ = {
			isa = PBXContainerItemProxy;
			containerPortal = CC2D33E21919013D009E58DA /* Project object */;
			proxyType = 1;
			remoteGlobalIDString = CC2D33E91919013D009E58DA;
			remoteInfo = BonjourIOS;
		};
/* End PBXContainerItemProxy section */

/* Begin PBXFileReference section */
		CC2D33EA1919013D009E58DA /* BonjourIOS.app */ = {isa = PBXFileReference; explicitFileType = wrapper.application; includeInIndex = 0; path = BonjourIOS.app; sourceTree = BUILT_PRODUCTS_DIR; };
		CC2D33ED1919013D009E58DA /* Foundation.framework */ = {isa = PBXFileReference; lastKnownFileType = wrapper.framework; name = Foundation.framework; path = System/Library/Frameworks/Foundation.framework; sourceTree = SDKROOT; };
		CC2D33EF1919013D009E58DA /* CoreGraphics.framework */ = {isa = PBXFileReference; lastKnownFileType = wrapper.framework; name = CoreGraphics.framework; path = System/Library/Frameworks/CoreGraphics.framework; sourceTree = SDKROOT; };
		CC2D33F11919013D009E58DA /* UIKit.framework */ = {isa = PBXFileReference; lastKnownFileType = wrapper.framework; name = UIKit.framework; path = System/Library/Frameworks/UIKit.framework; sourceTree = SDKROOT; };
		CC2D33F51919013D009E58DA /* BonjourIOS-Info.plist */ = {isa = PBXFileReference; lastKnownFileType = text.plist.xml; path = "BonjourIOS-Info.plist"; sourceTree = "<group>"; };
		CC2D33F71919013D009E58DA /* en */ = {isa = PBXFileReference; lastKnownFileType = text.plist.strings; name = en; path = en.lproj/InfoPlist.strings; sourceTree = "<group>"; };
		CC2D33F91919013D009E58DA /* main.m */ = {isa = PBXFileReference; lastKnownFileType = sourcecode.c.objc; path = main.m; sourceTree = "<group>"; };
		CC2D33FB1919013D009E58DA /* BonjourIOS-Prefix.pch */ = {isa = PBXFileReference; lastKnownFileType = sourcecode.c.h; path = "BonjourIOS-Prefix.pch"; sourceTree = "<group>"; };
		CC2D33FC1919013D009E58DA /* CAppDelegate.h */ = {isa = PBXFileReference; lastKnownFileType = sourcecode.c.h; path = CAppDelegate.h; sourceTree = "<group>"; };
		CC2D33FD1919013D009E58DA /* CAppDelegate.m */ = {isa = PBXFileReference; lastKnownFileType = sourcecode.c.objc; path = CAppDelegate.m; sourceTree = "<group>"; };
		CC2D34001919013D009E58DA /* Base */ = {isa = PBXFileReference; lastKnownFileType = file.storyboard; name = Base; path = Base.lproj/Main.storyboard; sourceTree = "<group>"; };
		CC2D34051919013D009E58DA /* Images.xcassets */ = {isa = PBXFileReference; lastKnownFileType = folder.assetcatalog; path = Images.xcassets; sourceTree = "<group>"; };
		CC2D340B1919013D009E58DA /* BonjourIOSTests.xctest */ = {isa = PBXFileReference; explicitFileType = wrapper.cfbundle; includeInIndex = 0; path = BonjourIOSTests.xctest; sourceTree = BUILT_PRODUCTS_DIR; };
		CC2D340C1919013D009E58DA /* XCTest.framework */ = {isa = PBXFileReference; lastKnownFileType = wrapper.framework; name = XCTest.framework; path = Library/Frameworks/XCTest.framework; sourceTree = DEVELOPER_DIR; };
		CC2D34141919013E009E58DA /* BonjourIOSTests-Info.plist */ = {isa = PBXFileReference; lastKnownFileType = text.plist.xml; path = "BonjourIOSTests-Info.plist"; sourceTree = "<group>"; };
		CC2D34161919013E009E58DA /* en */ = {isa = PBXFileReference; lastKnownFileType = text.plist.strings; name = en; path = en.lproj/InfoPlist.strings; sourceTree = "<group>"; };
		CC2D34181919013E009E58DA /* BonjourIOSTests.m */ = {isa = PBXFileReference; lastKnownFileType = sourcecode.c.objc; path = BonjourIOSTests.m; sourceTree = "<group>"; };
		CC2D342619190198009E58DA /* GCDAsyncSocket.m */ = {isa = PBXFileReference; fileEncoding = 4; lastKnownFileType = sourcecode.c.objc; path = GCDAsyncSocket.m; sourceTree = "<group>"; };
		CC2D342719190198009E58DA /* GCDAsyncSocket.h */ = {isa = PBXFileReference; fileEncoding = 4; lastKnownFileType = sourcecode.c.h; path = GCDAsyncSocket.h; sourceTree = "<group>"; };
		CC2D3429191901A6009E58DA /* CHostControllerViewController.h */ = {isa = PBXFileReference; fileEncoding = 4; lastKnownFileType = sourcecode.c.h; path = CHostControllerViewController.h; sourceTree = "<group>"; };
		CC2D342A191901A6009E58DA /* CHostControllerViewController.m */ = {isa = PBXFileReference; fileEncoding = 4; lastKnownFileType = sourcecode.c.objc; path = CHostControllerViewController.m; sourceTree = "<group>"; };
		CC2D342C191901F1009E58DA /* Security.framework */ = {isa = PBXFileReference; lastKnownFileType = wrapper.framework; name = Security.framework; path = System/Library/Frameworks/Security.framework; sourceTree = SDKROOT; };
		CC2D342E191901F8009E58DA /* CFNetwork.framework */ = {isa = PBXFileReference; lastKnownFileType = wrapper.framework; name = CFNetwork.framework; path = System/Library/Frameworks/CFNetwork.framework; sourceTree = SDKROOT; };
/* End PBXFileReference section */

/* Begin PBXFrameworksBuildPhase section */
		CC2D33E71919013D009E58DA /* Frameworks */ = {
			isa = PBXFrameworksBuildPhase;
			buildActionMask = 2147483647;
			files = (
				CC2D342F191901F8009E58DA /* CFNetwork.framework in Frameworks */,
				CC2D342D191901F1009E58DA /* Security.framework in Frameworks */,
				CC2D33F01919013D009E58DA /* CoreGraphics.framework in Frameworks */,
				CC2D33F21919013D009E58DA /* UIKit.framework in Frameworks */,
				CC2D33EE1919013D009E58DA /* Foundation.framework in Frameworks */,
			);
			runOnlyForDeploymentPostprocessing = 0;
		};
		CC2D34081919013D009E58DA /* Frameworks */ = {
			isa = PBXFrameworksBuildPhase;
			buildActionMask = 2147483647;
			files = (
				CC2D340D1919013D009E58DA /* XCTest.framework in Frameworks */,
				CC2D340F1919013E009E58DA /* UIKit.framework in Frameworks */,
				CC2D340E1919013E009E58DA /* Foundation.framework in Frameworks */,
			);
			runOnlyForDeploymentPostprocessing = 0;
		};
/* End PBXFrameworksBuildPhase section */

/* Begin PBXGroup section */
		CC2D33E11919013D009E58DA = {
			isa = PBXGroup;
			children = (
				CC2D33F31919013D009E58DA /* BonjourIOS */,
				CC2D34121919013E009E58DA /* BonjourIOSTests */,
				CC2D33EC1919013D009E58DA /* Frameworks */,
				CC2D33EB1919013D009E58DA /* Products */,
			);
			sourceTree = "<group>";
		};
		CC2D33EB1919013D009E58DA /* Products */ = {
			isa = PBXGroup;
			children = (
				CC2D33EA1919013D009E58DA /* BonjourIOS.app */,
				CC2D340B1919013D009E58DA /* BonjourIOSTests.xctest */,
			);
			name = Products;
			sourceTree = "<group>";
		};
		CC2D33EC1919013D009E58DA /* Frameworks */ = {
			isa = PBXGroup;
			children = (
				CC2D342E191901F8009E58DA /* CFNetwork.framework */,
				CC2D342C191901F1009E58DA /* Security.framework */,
				CC2D33ED1919013D009E58DA /* Foundation.framework */,
				CC2D33EF1919013D009E58DA /* CoreGraphics.framework */,
				CC2D33F11919013D009E58DA /* UIKit.framework */,
				CC2D340C1919013D009E58DA /* XCTest.framework */,
			);
			name = Frameworks;
			sourceTree = "<group>";
		};
		CC2D33F31919013D009E58DA /* BonjourIOS */ = {
			isa = PBXGroup;
			children = (
				CC2D3429191901A6009E58DA /* CHostControllerViewController.h */,
				CC2D342A191901A6009E58DA /* CHostControllerViewController.m */,
				CC2D342519190190009E58DA /* ThridParty */,
				CC2D33FC1919013D009E58DA /* CAppDelegate.h */,
				CC2D33FD1919013D009E58DA /* CAppDelegate.m */,
				CC2D33FF1919013D009E58DA /* Main.storyboard */,
				CC2D34051919013D009E58DA /* Images.xcassets */,
				CC2D33F41919013D009E58DA /* Supporting Files */,
			);
			path = BonjourIOS;
			sourceTree = "<group>";
		};
		CC2D33F41919013D009E58DA /* Supporting Files */ = {
			isa = PBXGroup;
			children = (
				CC2D33F51919013D009E58DA /* BonjourIOS-Info.plist */,
				CC2D33F61919013D009E58DA /* InfoPlist.strings */,
				CC2D33F91919013D009E58DA /* main.m */,
				CC2D33FB1919013D009E58DA /* BonjourIOS-Prefix.pch */,
			);
			name = "Supporting Files";
			sourceTree = "<group>";
		};
		CC2D34121919013E009E58DA /* BonjourIOSTests */ = {
			isa = PBXGroup;
			children = (
				CC2D34181919013E009E58DA /* BonjourIOSTests.m */,
				CC2D34131919013E009E58DA /* Supporting Files */,
			);
			path = BonjourIOSTests;
			sourceTree = "<group>";
		};
		CC2D34131919013E009E58DA /* Supporting Files */ = {
			isa = PBXGroup;
			children = (
				CC2D34141919013E009E58DA /* BonjourIOSTests-Info.plist */,
				CC2D34151919013E009E58DA /* InfoPlist.strings */,
			);
			name = "Supporting Files";
			sourceTree = "<group>";
		};
		CC2D342519190190009E58DA /* ThridParty */ = {
			isa = PBXGroup;
			children = (
				CC2D342619190198009E58DA /* GCDAsyncSocket.m */,
				CC2D342719190198009E58DA /* GCDAsyncSocket.h */,
			);
			name = ThridParty;
			sourceTree = "<group>";
		};
/* End PBXGroup section */

/* Begin PBXNativeTarget section */
		CC2D33E91919013D009E58DA /* BonjourIOS */ = {
			isa = PBXNativeTarget;
			buildConfigurationList = CC2D341C1919013E009E58DA /* Build configuration list for PBXNativeTarget "BonjourIOS" */;
			buildPhases = (
				CC2D33E61919013D009E58DA /* Sources */,
				CC2D33E71919013D009E58DA /* Frameworks */,
				CC2D33E81919013D009E58DA /* Resources */,
			);
			buildRules = (
			);
			dependencies = (
			);
			name = BonjourIOS;
			productName = BonjourIOS;
			productReference = CC2D33EA1919013D009E58DA /* BonjourIOS.app */;
			productType = "com.apple.product-type.application";
		};
		CC2D340A1919013D009E58DA /* BonjourIOSTests */ = {
			isa = PBXNativeTarget;
			buildConfigurationList = CC2D341F1919013E009E58DA /* Build configuration list for PBXNativeTarget "BonjourIOSTests" */;
			buildPhases = (
				CC2D34071919013D009E58DA /* Sources */,
				CC2D34081919013D009E58DA /* Frameworks */,
				CC2D34091919013D009E58DA /* Resources */,
			);
			buildRules = (
			);
			dependencies = (
				CC2D34111919013E009E58DA /* PBXTargetDependency */,
			);
			name = BonjourIOSTests;
			productName = BonjourIOSTests;
			productReference = CC2D340B1919013D009E58DA /* BonjourIOSTests.xctest */;
			productType = "com.apple.product-type.bundle.unit-test";
		};
/* End PBXNativeTarget section */

/* Begin PBXProject section */
		CC2D33E21919013D009E58DA /* Project object */ = {
			isa = PBXProject;
			attributes = {
				CLASSPREFIX = C;
				LastUpgradeCheck = 0510;
				ORGANIZATIONNAME = greateindialcub;
				TargetAttributes = {
					CC2D340A1919013D009E58DA = {
						TestTargetID = CC2D33E91919013D009E58DA;
					};
				};
			};
			buildConfigurationList = CC2D33E51919013D009E58DA /* Build configuration list for PBXProject "BonjourIOS" */;
			compatibilityVersion = "Xcode 3.2";
			developmentRegion = English;
			hasScannedForEncodings = 0;
			knownRegions = (
				en,
				Base,
			);
			mainGroup = CC2D33E11919013D009E58DA;
			productRefGroup = CC2D33EB1919013D009E58DA /* Products */;
			projectDirPath = "";
			projectRoot = "";
			targets = (
				CC2D33E91919013D009E58DA /* BonjourIOS */,
				CC2D340A1919013D009E58DA /* BonjourIOSTests */,
			);
		};
/* End PBXProject section */

/* Begin PBXResourcesBuildPhase section */
		CC2D33E81919013D009E58DA /* Resources */ = {
			isa = PBXResourcesBuildPhase;
			buildActionMask = 2147483647;
			files = (
				CC2D34061919013D009E58DA /* Images.xcassets in Resources */,
				CC2D33F81919013D009E58DA /* InfoPlist.strings in Resources */,
				CC2D34011919013D009E58DA /* Main.storyboard in Resources */,
			);
			runOnlyForDeploymentPostprocessing = 0;
		};
		CC2D34091919013D009E58DA /* Resources */ = {
			isa = PBXResourcesBuildPhase;
			buildActionMask = 2147483647;
			files = (
				CC2D34171919013E009E58DA /* InfoPlist.strings in Resources */,
			);
			runOnlyForDeploymentPostprocessing = 0;
		};
/* End PBXResourcesBuildPhase section */

/* Begin PBXSourcesBuildPhase section */
		CC2D33E61919013D009E58DA /* Sources */ = {
			isa = PBXSourcesBuildPhase;
			buildActionMask = 2147483647;
			files = (
				CC2D342819190198009E58DA /* GCDAsyncSocket.m in Sources */,
				CC2D33FE1919013D009E58DA /* CAppDelegate.m in Sources */,
				CC2D342B191901A6009E58DA /* CHostControllerViewController.m in Sources */,
				CC2D33FA1919013D009E58DA /* main.m in Sources */,
			);
			runOnlyForDeploymentPostprocessing = 0;
		};
		CC2D34071919013D009E58DA /* Sources */ = {
			isa = PBXSourcesBuildPhase;
			buildActionMask = 2147483647;
			files = (
				CC2D34191919013E009E58DA /* BonjourIOSTests.m in Sources */,
			);
			runOnlyForDeploymentPostprocessing = 0;
		};
/* End PBXSourcesBuildPhase section */

/* Begin PBXTargetDependency section */
		CC2D34111919013E009E58DA /* PBXTargetDependency */ = {
			isa = PBXTargetDependency;
			target = CC2D33E91919013D009E58DA /* BonjourIOS */;
			targetProxy = CC2D34101919013E009E58DA /* PBXContainerItemProxy */;
		};
/* End PBXTargetDependency section */

/* Begin PBXVariantGroup section */
		CC2D33F61919013D009E58DA /* InfoPlist.strings */ = {
			isa = PBXVariantGroup;
			children = (
				CC2D33F71919013D009E58DA /* en */,
			);
			name = InfoPlist.strings;
			sourceTree = "<group>";
		};
		CC2D33FF1919013D009E58DA /* Main.storyboard */ = {
			isa = PBXVariantGroup;
			children = (
				CC2D34001919013D009E58DA /* Base */,
			);
			name = Main.storyboard;
			sourceTree = "<group>";
		};
		CC2D34151919013E009E58DA /* InfoPlist.strings */ = {
			isa = PBXVariantGroup;
			children = (
				CC2D34161919013E009E58DA /* en */,
			);
			name = InfoPlist.strings;
			sourceTree = "<group>";
		};
/* End PBXVariantGroup section */

/* Begin XCBuildConfiguration section */
		CC2D341A1919013E009E58DA /* Debug */ = {
			isa = XCBuildConfiguration;
			buildSettings = {
				ALWAYS_SEARCH_USER_PATHS = NO;
				CLANG_CXX_LANGUAGE_STANDARD = "gnu++0x";
				CLANG_CXX_LIBRARY = "libc++";
				CLANG_ENABLE_MODULES = YES;
				CLANG_ENABLE_OBJC_ARC = YES;
				CLANG_WARN_BOOL_CONVERSION = YES;
				CLANG_WARN_CONSTANT_CONVERSION = YES;
				CLANG_WARN_DIRECT_OBJC_ISA_USAGE = YES_ERROR;
				CLANG_WARN_EMPTY_BODY = YES;
				CLANG_WARN_ENUM_CONVERSION = YES;
				CLANG_WARN_INT_CONVERSION = YES;
				CLANG_WARN_OBJC_ROOT_CLASS = YES_ERROR;
				CLANG_WARN__DUPLICATE_METHOD_MATCH = YES;
				"CODE_SIGN_IDENTITY[sdk=iphoneos*]" = "iPhone Developer";
				COPY_PHASE_STRIP = NO;
				GCC_C_LANGUAGE_STANDARD = gnu99;
				GCC_DYNAMIC_NO_PIC = NO;
				GCC_OPTIMIZATION_LEVEL = 0;
				GCC_PREPROCESSOR_DEFINITIONS = (
					"DEBUG=1",
					"$(inherited)",
				);
				GCC_SYMBOLS_PRIVATE_EXTERN = NO;
				GCC_WARN_64_TO_32_BIT_CONVERSION = YES;
				GCC_WARN_ABOUT_RETURN_TYPE = YES_ERROR;
				GCC_WARN_UNDECLARED_SELECTOR = YES;
				GCC_WARN_UNINITIALIZED_AUTOS = YES_AGGRESSIVE;
				GCC_WARN_UNUSED_FUNCTION = YES;
				GCC_WARN_UNUSED_VARIABLE = YES;
				IPHONEOS_DEPLOYMENT_TARGET = 7.1;
				ONLY_ACTIVE_ARCH = YES;
				SDKROOT = iphoneos;
			};
			name = Debug;
		};
		CC2D341B1919013E009E58DA /* Release */ = {
			isa = XCBuildConfiguration;
			buildSettings = {
				ALWAYS_SEARCH_USER_PATHS = NO;
				CLANG_CXX_LANGUAGE_STANDARD = "gnu++0x";
				CLANG_CXX_LIBRARY = "libc++";
				CLANG_ENABLE_MODULES = YES;
				CLANG_ENABLE_OBJC_ARC = YES;
				CLANG_WARN_BOOL_CONVERSION = YES;
				CLANG_WARN_CONSTANT_CONVERSION = YES;
				CLANG_WARN_DIRECT_OBJC_ISA_USAGE = YES_ERROR;
				CLANG_WARN_EMPTY_BODY = YES;
				CLANG_WARN_ENUM_CONVERSION = YES;
				CLANG_WARN_INT_CONVERSION = YES;
				CLANG_WARN_OBJC_ROOT_CLASS = YES_ERROR;
				CLANG_WARN__DUPLICATE_METHOD_MATCH = YES;
				"CODE_SIGN_IDENTITY[sdk=iphoneos*]" = "iPhone Developer";
				COPY_PHASE_STRIP = YES;
				ENABLE_NS_ASSERTIONS = NO;
				GCC_C_LANGUAGE_STANDARD = gnu99;
				GCC_WARN_64_TO_32_BIT_CONVERSION = YES;
				GCC_WARN_ABOUT_RETURN_TYPE = YES_ERROR;
				GCC_WARN_UNDECLARED_SELECTOR = YES;
				GCC_WARN_UNINITIALIZED_AUTOS = YES_AGGRESSIVE;
				GCC_WARN_UNUSED_FUNCTION = YES;
				GCC_WARN_UNUSED_VARIABLE = YES;
				IPHONEOS_DEPLOYMENT_TARGET = 7.1;
				SDKROOT = iphoneos;
				VALIDATE_PRODUCT = YES;
			};
			name = Release;
		};
		CC2D341D1919013E009E58DA /* Debug */ = {
			isa = XCBuildConfiguration;
			buildSettings = {
				ASSETCATALOG_COMPILER_APPICON_NAME = AppIcon;
				ASSETCATALOG_COMPILER_LAUNCHIMAGE_NAME = LaunchImage;
				GCC_PRECOMPILE_PREFIX_HEADER = YES;
				GCC_PREFIX_HEADER = "BonjourIOS/BonjourIOS-Prefix.pch";
				INFOPLIST_FILE = "BonjourIOS/BonjourIOS-Info.plist";
				PRODUCT_NAME = "$(TARGET_NAME)";
				WRAPPER_EXTENSION = app;
			};
			name = Debug;
		};
		CC2D341E1919013E009E58DA /* Release */ = {
			isa = XCBuildConfiguration;
			buildSettings = {
				ASSETCATALOG_COMPILER_APPICON_NAME = AppIcon;
				ASSETCATALOG_COMPILER_LAUNCHIMAGE_NAME = LaunchImage;
				GCC_PRECOMPILE_PREFIX_HEADER = YES;
				GCC_PREFIX_HEADER = "BonjourIOS/BonjourIOS-Prefix.pch";
				INFOPLIST_FILE = "BonjourIOS/BonjourIOS-Info.plist";
				PRODUCT_NAME = "$(TARGET_NAME)";
				WRAPPER_EXTENSION = app;
			};
			name = Release;
		};
		CC2D34201919013E009E58DA /* Debug */ = {
			isa = XCBuildConfiguration;
			buildSettings = {
				BUNDLE_LOADER = "$(BUILT_PRODUCTS_DIR)/BonjourIOS.app/BonjourIOS";
				FRAMEWORK_SEARCH_PATHS = (
					"$(SDKROOT)/Developer/Library/Frameworks",
					"$(inherited)",
					"$(DEVELOPER_FRAMEWORKS_DIR)",
				);
				GCC_PRECOMPILE_PREFIX_HEADER = YES;
				GCC_PREFIX_HEADER = "BonjourIOS/BonjourIOS-Prefix.pch";
				GCC_PREPROCESSOR_DEFINITIONS = (
					"DEBUG=1",
					"$(inherited)",
				);
				INFOPLIST_FILE = "BonjourIOSTests/BonjourIOSTests-Info.plist";
				PRODUCT_NAME = "$(TARGET_NAME)";
				TEST_HOST = "$(BUNDLE_LOADER)";
				WRAPPER_EXTENSION = xctest;
			};
			name = Debug;
		};
		CC2D34211919013E009E58DA /* Release */ = {
			isa = XCBuildConfiguration;
			buildSettings = {
				BUNDLE_LOADER = "$(BUILT_PRODUCTS_DIR)/BonjourIOS.app/BonjourIOS";
				FRAMEWORK_SEARCH_PATHS = (
					"$(SDKROOT)/Developer/Library/Frameworks",
					"$(inherited)",
					"$(DEVELOPER_FRAMEWORKS_DIR)",
				);
				GCC_PRECOMPILE_PREFIX_HEADER = YES;
				GCC_PREFIX_HEADER = "BonjourIOS/BonjourIOS-Prefix.pch";
				INFOPLIST_FILE = "BonjourIOSTests/BonjourIOSTests-Info.plist";
				PRODUCT_NAME = "$(TARGET_NAME)";
				TEST_HOST = "$(BUNDLE_LOADER)";
				WRAPPER_EXTENSION = xctest;
			};
			name = Release;
		};
/* End XCBuildConfiguration section */

/* Begin XCConfigurationList section */
		CC2D33E51919013D009E58DA /* Build configuration list for PBXProject "BonjourIOS" */ = {
			isa = XCConfigurationList;
			buildConfigurations = (
				CC2D341A1919013E009E58DA /* Debug */,
				CC2D341B1919013E009E58DA /* Release */,
			);
			defaultConfigurationIsVisible = 0;
			defaultConfigurationName = Release;
		};
		CC2D341C1919013E009E58DA /* Build configuration list for PBXNativeTarget "BonjourIOS" */ = {
			isa = XCConfigurationList;
			buildConfigurations = (
				CC2D341D1919013E009E58DA /* Debug */,
				CC2D341E1919013E009E58DA /* Release */,
			);
			defaultConfigurationIsVisible = 0;
		};
		CC2D341F1919013E009E58DA /* Build configuration list for PBXNativeTarget "BonjourIOSTests" */ = {
			isa = XCConfigurationList;
			buildConfigurations = (
				CC2D34201919013E009E58DA /* Debug */,
				CC2D34211919013E009E58DA /* Release */,
			);
			defaultConfigurationIsVisible = 0;
		};
/* End XCConfigurationList section */
	};
	rootObject = CC2D33E21919013D009E58DA /* Project object */;
}
